// !$*UTF8*$!
{
	archiveVersion = 1;
	classes = {
	};
	objectVersion = 50;
	objects = {

/* Begin PBXBuildFile section */
		11DB6F2721B4954900160D35 /* AppDelegate.swift in Sources */ = {isa = PBXBuildFile; fileRef = 11DB6F2621B4954900160D35 /* AppDelegate.swift */; };
		11DB6F2921B4954900160D35 /* ViewController.swift in Sources */ = {isa = PBXBuildFile; fileRef = 11DB6F2821B4954900160D35 /* ViewController.swift */; };
		11DB6F2C21B4954900160D35 /* Main.storyboard in Resources */ = {isa = PBXBuildFile; fileRef = 11DB6F2A21B4954900160D35 /* Main.storyboard */; };
		11DB6F2E21B4954B00160D35 /* Assets.xcassets in Resources */ = {isa = PBXBuildFile; fileRef = 11DB6F2D21B4954B00160D35 /* Assets.xcassets */; };
		11DB6F3121B4954B00160D35 /* LaunchScreen.storyboard in Resources */ = {isa = PBXBuildFile; fileRef = 11DB6F2F21B4954B00160D35 /* LaunchScreen.storyboard */; };
		11DB6F4021B4995800160D35 /* SwiftyJSON.swift in Sources */ = {isa = PBXBuildFile; fileRef = 11DB6F3F21B4995800160D35 /* SwiftyJSON.swift */; };
/* End PBXBuildFile section */

/* Begin PBXFileReference section */
		11DB6F2321B4954900160D35 /* GitHubCommits.app */ = {isa = PBXFileReference; explicitFileType = wrapper.application; includeInIndex = 0; path = GitHubCommits.app; sourceTree = BUILT_PRODUCTS_DIR; };
		11DB6F2621B4954900160D35 /* AppDelegate.swift */ = {isa = PBXFileReference; lastKnownFileType = sourcecode.swift; path = AppDelegate.swift; sourceTree = "<group>"; };
		11DB6F2821B4954900160D35 /* ViewController.swift */ = {isa = PBXFileReference; lastKnownFileType = sourcecode.swift; path = ViewController.swift; sourceTree = "<group>"; };
		11DB6F2B21B4954900160D35 /* Base */ = {isa = PBXFileReference; lastKnownFileType = file.storyboard; name = Base; path = Base.lproj/Main.storyboard; sourceTree = "<group>"; };
		11DB6F2D21B4954B00160D35 /* Assets.xcassets */ = {isa = PBXFileReference; lastKnownFileType = folder.assetcatalog; path = Assets.xcassets; sourceTree = "<group>"; };
		11DB6F3021B4954B00160D35 /* Base */ = {isa = PBXFileReference; lastKnownFileType = file.storyboard; name = Base; path = Base.lproj/LaunchScreen.storyboard; sourceTree = "<group>"; };
		11DB6F3221B4954B00160D35 /* Info.plist */ = {isa = PBXFileReference; lastKnownFileType = text.plist.xml; path = Info.plist; sourceTree = "<group>"; };
		11DB6F3F21B4995800160D35 /* SwiftyJSON.swift */ = {isa = PBXFileReference; fileEncoding = 4; lastKnownFileType = sourcecode.swift; path = SwiftyJSON.swift; sourceTree = "<group>"; };
/* End PBXFileReference section */

/* Begin PBXFrameworksBuildPhase section */
		11DB6F2021B4954900160D35 /* Frameworks */ = {
			isa = PBXFrameworksBuildPhase;
			buildActionMask = 2147483647;
			files = (
			);
			runOnlyForDeploymentPostprocessing = 0;
		};
/* End PBXFrameworksBuildPhase section */

/* Begin PBXGroup section */
		11DB6F1A21B4954900160D35 = {
			isa = PBXGroup;
			children = (
				11DB6F2521B4954900160D35 /* GitHubCommits */,
				11DB6F2421B4954900160D35 /* Products */,
			);
			sourceTree = "<group>";
		};
		11DB6F2421B4954900160D35 /* Products */ = {
			isa = PBXGroup;
			children = (
				11DB6F2321B4954900160D35 /* GitHubCommits.app */,
			);
			name = Products;
			sourceTree = "<group>";
		};
		11DB6F2521B4954900160D35 /* GitHubCommits */ = {
			isa = PBXGroup;
			children = (
				11DB6F2621B4954900160D35 /* AppDelegate.swift */,
				11DB6F3921B4972E00160D35 /* Models */,
				11DB6F3D21B4974F00160D35 /* Views */,
				11DB6F3E21B4975600160D35 /* Controllers */,
				11DB6F3821B4972300160D35 /* Resources */,
				11DB6F3A21B4973700160D35 /* Supporting Files */,
			);
			path = GitHubCommits;
			sourceTree = "<group>";
		};
		11DB6F3821B4972300160D35 /* Resources */ = {
			isa = PBXGroup;
			children = (
				11DB6F2D21B4954B00160D35 /* Assets.xcassets */,
			);
			name = Resources;
			sourceTree = "<group>";
		};
		11DB6F3921B4972E00160D35 /* Models */ = {
			isa = PBXGroup;
			children = (
			);
			path = Models;
			sourceTree = "<group>";
		};
		11DB6F3A21B4973700160D35 /* Supporting Files */ = {
			isa = PBXGroup;
			children = (
				11DB6F3F21B4995800160D35 /* SwiftyJSON.swift */,
				11DB6F3221B4954B00160D35 /* Info.plist */,
			);
			name = "Supporting Files";
			sourceTree = "<group>";
		};
		11DB6F3D21B4974F00160D35 /* Views */ = {
			isa = PBXGroup;
			children = (
				11DB6F2A21B4954900160D35 /* Main.storyboard */,
				11DB6F2F21B4954B00160D35 /* LaunchScreen.storyboard */,
			);
			path = Views;
			sourceTree = "<group>";
		};
		11DB6F3E21B4975600160D35 /* Controllers */ = {
			isa = PBXGroup;
			children = (
				11DB6F2821B4954900160D35 /* ViewController.swift */,
			);
			path = Controllers;
			sourceTree = "<group>";
		};
/* End PBXGroup section */

/* Begin PBXNativeTarget section */
		11DB6F2221B4954900160D35 /* GitHubCommits */ = {
			isa = PBXNativeTarget;
			buildConfigurationList = 11DB6F3521B4954B00160D35 /* Build configuration list for PBXNativeTarget "GitHubCommits" */;
			buildPhases = (
				11DB6F1F21B4954900160D35 /* Sources */,
				11DB6F2021B4954900160D35 /* Frameworks */,
				11DB6F2121B4954900160D35 /* Resources */,
			);
			buildRules = (
			);
			dependencies = (
			);
			name = GitHubCommits;
			productName = GitHubCommits;
			productReference = 11DB6F2321B4954900160D35 /* GitHubCommits.app */;
			productType = "com.apple.product-type.application";
		};
/* End PBXNativeTarget section */

/* Begin PBXProject section */
		11DB6F1B21B4954900160D35 /* Project object */ = {
			isa = PBXProject;
			attributes = {
				LastSwiftUpdateCheck = 1010;
				LastUpgradeCheck = 1010;
				ORGANIZATIONNAME = "Neil Hiddink";
				TargetAttributes = {
					11DB6F2221B4954900160D35 = {
						CreatedOnToolsVersion = 10.1;
					};
				};
			};
			buildConfigurationList = 11DB6F1E21B4954900160D35 /* Build configuration list for PBXProject "GitHubCommits" */;
			compatibilityVersion = "Xcode 9.3";
			developmentRegion = en;
			hasScannedForEncodings = 0;
			knownRegions = (
				en,
				Base,
			);
			mainGroup = 11DB6F1A21B4954900160D35;
			productRefGroup = 11DB6F2421B4954900160D35 /* Products */;
			projectDirPath = "";
			projectRoot = "";
			targets = (
				11DB6F2221B4954900160D35 /* GitHubCommits */,
			);
		};
/* End PBXProject section */

/* Begin PBXResourcesBuildPhase section */
		11DB6F2121B4954900160D35 /* Resources */ = {
			isa = PBXResourcesBuildPhase;
			buildActionMask = 2147483647;
			files = (
				11DB6F3121B4954B00160D35 /* LaunchScreen.storyboard in Resources */,
				11DB6F2E21B4954B00160D35 /* Assets.xcassets in Resources */,
				11DB6F2C21B4954900160D35 /* Main.storyboard in Resources */,
			);
			runOnlyForDeploymentPostprocessing = 0;
		};
/* End PBXResourcesBuildPhase section */

/* Begin PBXSourcesBuildPhase section */
		11DB6F1F21B4954900160D35 /* Sources */ = {
			isa = PBXSourcesBuildPhase;
			buildActionMask = 2147483647;
			files = (
				11DB6F4021B4995800160D35 /* SwiftyJSON.swift in Sources */,
				11DB6F2921B4954900160D35 /* ViewController.swift in Sources */,
				11DB6F2721B4954900160D35 /* AppDelegate.swift in Sources */,
			);
			runOnlyForDeploymentPostprocessing = 0;
		};
/* End PBXSourcesBuildPhase section */

/* Begin PBXVariantGroup section */
		11DB6F2A21B4954900160D35 /* Main.storyboard */ = {
			isa = PBXVariantGroup;
			children = (
				11DB6F2B21B4954900160D35 /* Base */,
			);
			name = Main.storyboard;
			sourceTree = "<group>";
		};
		11DB6F2F21B4954B00160D35 /* LaunchScreen.storyboard */ = {
			isa = PBXVariantGroup;
			children = (
				11DB6F3021B4954B00160D35 /* Base */,
			);
			name = LaunchScreen.storyboard;
			sourceTree = "<group>";
		};
/* End PBXVariantGroup section */

/* Begin XCBuildConfiguration section */
		11DB6F3321B4954B00160D35 /* Debug */ = {
			isa = XCBuildConfiguration;
			buildSettings = {
				ALWAYS_SEARCH_USER_PATHS = NO;
				CLANG_ANALYZER_NONNULL = YES;
				CLANG_ANALYZER_NUMBER_OBJECT_CONVERSION = YES_AGGRESSIVE;
				CLANG_CXX_LANGUAGE_STANDARD = "gnu++14";
				CLANG_CXX_LIBRARY = "libc++";
				CLANG_ENABLE_MODULES = YES;
				CLANG_ENABLE_OBJC_ARC = YES;
				CLANG_ENABLE_OBJC_WEAK = YES;
				CLANG_WARN_BLOCK_CAPTURE_AUTORELEASING = YES;
				CLANG_WARN_BOOL_CONVERSION = YES;
				CLANG_WARN_COMMA = YES;
				CLANG_WARN_CONSTANT_CONVERSION = YES;
				CLANG_WARN_DEPRECATED_OBJC_IMPLEMENTATIONS = YES;
				CLANG_WARN_DIRECT_OBJC_ISA_USAGE = YES_ERROR;
				CLANG_WARN_DOCUMENTATION_COMMENTS = YES;
				CLANG_WARN_EMPTY_BODY = YES;
				CLANG_WARN_ENUM_CONVERSION = YES;
				CLANG_WARN_INFINITE_RECURSION = YES;
				CLANG_WARN_INT_CONVERSION = YES;
				CLANG_WARN_NON_LITERAL_NULL_CONVERSION = YES;
				CLANG_WARN_OBJC_IMPLICIT_RETAIN_SELF = YES;
				CLANG_WARN_OBJC_LITERAL_CONVERSION = YES;
				CLANG_WARN_OBJC_ROOT_CLASS = YES_ERROR;
				CLANG_WARN_RANGE_LOOP_ANALYSIS = YES;
				CLANG_WARN_STRICT_PROTOTYPES = YES;
				CLANG_WARN_SUSPICIOUS_MOVE = YES;
				CLANG_WARN_UNGUARDED_AVAILABILITY = YES_AGGRESSIVE;
				CLANG_WARN_UNREACHABLE_CODE = YES;
				CLANG_WARN__DUPLICATE_METHOD_MATCH = YES;
				CODE_SIGN_IDENTITY = "iPhone Developer";
				COPY_PHASE_STRIP = NO;
				DEBUG_INFORMATION_FORMAT = dwarf;
				ENABLE_STRICT_OBJC_MSGSEND = YES;
				ENABLE_TESTABILITY = YES;
				GCC_C_LANGUAGE_STANDARD = gnu11;
				GCC_DYNAMIC_NO_PIC = NO;
				GCC_NO_COMMON_BLOCKS = YES;
				GCC_OPTIMIZATION_LEVEL = 0;
				GCC_PREPROCESSOR_DEFINITIONS = (
					"DEBUG=1",
					"$(inherited)",
				);
				GCC_WARN_64_TO_32_BIT_CONVERSION = YES;
				GCC_WARN_ABOUT_RETURN_TYPE = YES_ERROR;
				GCC_WARN_UNDECLARED_SELECTOR = YES;
				GCC_WARN_UNINITIALIZED_AUTOS = YES_AGGRESSIVE;
				GCC_WARN_UNUSED_FUNCTION = YES;
				GCC_WARN_UNUSED_VARIABLE = YES;
				IPHONEOS_DEPLOYMENT_TARGET = 12.1;
				MTL_ENABLE_DEBUG_INFO = INCLUDE_SOURCE;
				MTL_FAST_MATH = YES;
				ONLY_ACTIVE_ARCH = YES;
				SDKROOT = iphoneos;
				SWIFT_ACTIVE_COMPILATION_CONDITIONS = DEBUG;
				SWIFT_OPTIMIZATION_LEVEL = "-Onone";
			};
			name = Debug;
		};
		11DB6F3421B4954B00160D35 /* Release */ = {
			isa = XCBuildConfiguration;
			buildSettings = {
				ALWAYS_SEARCH_USER_PATHS = NO;
				CLANG_ANALYZER_NONNULL = YES;
				CLANG_ANALYZER_NUMBER_OBJECT_CONVERSION = YES_AGGRESSIVE;
				CLANG_CXX_LANGUAGE_STANDARD = "gnu++14";
				CLANG_CXX_LIBRARY = "libc++";
				CLANG_ENABLE_MODULES = YES;
				CLANG_ENABLE_OBJC_ARC = YES;
				CLANG_ENABLE_OBJC_WEAK = YES;
				CLANG_WARN_BLOCK_CAPTURE_AUTORELEASING = YES;
				CLANG_WARN_BOOL_CONVERSION = YES;
				CLANG_WARN_COMMA = YES;
				CLANG_WARN_CONSTANT_CONVERSION = YES;
				CLANG_WARN_DEPRECATED_OBJC_IMPLEMENTATIONS = YES;
				CLANG_WARN_DIRECT_OBJC_ISA_USAGE = YES_ERROR;
				CLANG_WARN_DOCUMENTATION_COMMENTS = YES;
				CLANG_WARN_EMPTY_BODY = YES;
				CLANG_WARN_ENUM_CONVERSION = YES;
				CLANG_WARN_INFINITE_RECURSION = YES;
				CLANG_WARN_INT_CONVERSION = YES;
				CLANG_WARN_NON_LITERAL_NULL_CONVERSION = YES;
				CLANG_WARN_OBJC_IMPLICIT_RETAIN_SELF = YES;
				CLANG_WARN_OBJC_LITERAL_CONVERSION = YES;
				CLANG_WARN_OBJC_ROOT_CLASS = YES_ERROR;
				CLANG_WARN_RANGE_LOOP_ANALYSIS = YES;
				CLANG_WARN_STRICT_PROTOTYPES = YES;
				CLANG_WARN_SUSPICIOUS_MOVE = YES;
				CLANG_WARN_UNGUARDED_AVAILABILITY = YES_AGGRESSIVE;
				CLANG_WARN_UNREACHABLE_CODE = YES;
				CLANG_WARN__DUPLICATE_METHOD_MATCH = YES;
				CODE_SIGN_IDENTITY = "iPhone Developer";
				COPY_PHASE_STRIP = NO;
				DEBUG_INFORMATION_FORMAT = "dwarf-with-dsym";
				ENABLE_NS_ASSERTIONS = NO;
				ENABLE_STRICT_OBJC_MSGSEND = YES;
				GCC_C_LANGUAGE_STANDARD = gnu11;
				GCC_NO_COMMON_BLOCKS = YES;
				GCC_WARN_64_TO_32_BIT_CONVERSION = YES;
				GCC_WARN_ABOUT_RETURN_TYPE = YES_ERROR;
				GCC_WARN_UNDECLARED_SELECTOR = YES;
				GCC_WARN_UNINITIALIZED_AUTOS = YES_AGGRESSIVE;
				GCC_WARN_UNUSED_FUNCTION = YES;
				GCC_WARN_UNUSED_VARIABLE = YES;
				IPHONEOS_DEPLOYMENT_TARGET = 12.1;
				MTL_ENABLE_DEBUG_INFO = NO;
				MTL_FAST_MATH = YES;
				SDKROOT = iphoneos;
				SWIFT_COMPILATION_MODE = wholemodule;
				SWIFT_OPTIMIZATION_LEVEL = "-O";
				VALIDATE_PRODUCT = YES;
			};
			name = Release;
		};
		11DB6F3621B4954B00160D35 /* Debug */ = {
			isa = XCBuildConfiguration;
			buildSettings = {
				ASSETCATALOG_COMPILER_APPICON_NAME = AppIcon;
				CODE_SIGN_STYLE = Automatic;
				DEVELOPMENT_TEAM = 7G4UHWJ29G;
				INFOPLIST_FILE = GitHubCommits/Info.plist;
				LD_RUNPATH_SEARCH_PATHS = (
					"$(inherited)",
					"@executable_path/Frameworks",
				);
				PRODUCT_BUNDLE_IDENTIFIER = com.NeilHiddink.GitHubCommits;
				PRODUCT_NAME = "$(TARGET_NAME)";
				SWIFT_VERSION = 4.2;
				TARGETED_DEVICE_FAMILY = "1,2";
			};
			name = Debug;
		};
		11DB6F3721B4954B00160D35 /* Release */ = {
			isa = XCBuildConfiguration;
			buildSettings = {
				ASSETCATALOG_COMPILER_APPICON_NAME = AppIcon;
				CODE_SIGN_STYLE = Automatic;
				DEVELOPMENT_TEAM = 7G4UHWJ29G;
				INFOPLIST_FILE = GitHubCommits/Info.plist;
				LD_RUNPATH_SEARCH_PATHS = (
					"$(inherited)",
					"@executable_path/Frameworks",
				);
				PRODUCT_BUNDLE_IDENTIFIER = com.NeilHiddink.GitHubCommits;
				PRODUCT_NAME = "$(TARGET_NAME)";
				SWIFT_VERSION = 4.2;
				TARGETED_DEVICE_FAMILY = "1,2";
			};
			name = Release;
		};
/* End XCBuildConfiguration section */

/* Begin XCConfigurationList section */
		11DB6F1E21B4954900160D35 /* Build configuration list for PBXProject "GitHubCommits" */ = {
			isa = XCConfigurationList;
			buildConfigurations = (
				11DB6F3321B4954B00160D35 /* Debug */,
				11DB6F3421B4954B00160D35 /* Release */,
			);
			defaultConfigurationIsVisible = 0;
			defaultConfigurationName = Release;
		};
		11DB6F3521B4954B00160D35 /* Build configuration list for PBXNativeTarget "GitHubCommits" */ = {
			isa = XCConfigurationList;
			buildConfigurations = (
				11DB6F3621B4954B00160D35 /* Debug */,
				11DB6F3721B4954B00160D35 /* Release */,
			);
			defaultConfigurationIsVisible = 0;
			defaultConfigurationName = Release;
		};
/* End XCConfigurationList section */
	};
	rootObject = 11DB6F1B21B4954900160D35 /* Project object */;
}
