// !$*UTF8*$!
{
	archiveVersion = 1;
	classes = {
	};
	objectVersion = 50;
	objects = {

/* Begin PBXBuildFile section */
		1101D2D4221094660049D0B4 /* AppDelegate.swift in Sources */ = {isa = PBXBuildFile; fileRef = 1101D2D3221094660049D0B4 /* AppDelegate.swift */; };
		1101D2D6221094660049D0B4 /* ViewController.swift in Sources */ = {isa = PBXBuildFile; fileRef = 1101D2D5221094660049D0B4 /* ViewController.swift */; };
		1101D2D9221094660049D0B4 /* Main.storyboard in Resources */ = {isa = PBXBuildFile; fileRef = 1101D2D7221094660049D0B4 /* Main.storyboard */; };
		1101D2DB221094680049D0B4 /* Assets.xcassets in Resources */ = {isa = PBXBuildFile; fileRef = 1101D2DA221094680049D0B4 /* Assets.xcassets */; };
		1101D2DE221094680049D0B4 /* LaunchScreen.storyboard in Resources */ = {isa = PBXBuildFile; fileRef = 1101D2DC221094680049D0B4 /* LaunchScreen.storyboard */; };
		1101D2E9221094680049D0B4 /* InnerPeaceTests.swift in Sources */ = {isa = PBXBuildFile; fileRef = 1101D2E8221094680049D0B4 /* InnerPeaceTests.swift */; };
		1101D2F4221094680049D0B4 /* InnerPeaceUITests.swift in Sources */ = {isa = PBXBuildFile; fileRef = 1101D2F3221094680049D0B4 /* InnerPeaceUITests.swift */; };
		110B26E9221AC6CE009070B3 /* quotes.json in Resources */ = {isa = PBXBuildFile; fileRef = 110B26DF221AC6CC009070B3 /* quotes.json */; };
		110B26EE221AC6CE009070B3 /* pictures.json in Resources */ = {isa = PBXBuildFile; fileRef = 110B26E4221AC6CD009070B3 /* pictures.json */; };
		110B26F9221AC7AE009070B3 /* Bundle-Decoding.swift in Sources */ = {isa = PBXBuildFile; fileRef = 110B26F8221AC7AE009070B3 /* Bundle-Decoding.swift */; };
		110B26FB221AC9D0009070B3 /* Quote.swift in Sources */ = {isa = PBXBuildFile; fileRef = 110B26FA221AC9D0009070B3 /* Quote.swift */; };
/* End PBXBuildFile section */

/* Begin PBXContainerItemProxy section */
		1101D2E5221094680049D0B4 /* PBXContainerItemProxy */ = {
			isa = PBXContainerItemProxy;
			containerPortal = 1101D2C8221094660049D0B4 /* Project object */;
			proxyType = 1;
			remoteGlobalIDString = 1101D2CF221094660049D0B4;
			remoteInfo = InnerPeace;
		};
		1101D2F0221094680049D0B4 /* PBXContainerItemProxy */ = {
			isa = PBXContainerItemProxy;
			containerPortal = 1101D2C8221094660049D0B4 /* Project object */;
			proxyType = 1;
			remoteGlobalIDString = 1101D2CF221094660049D0B4;
			remoteInfo = InnerPeace;
		};
/* End PBXContainerItemProxy section */

/* Begin PBXFileReference section */
		1101D2D0221094660049D0B4 /* InnerPeace.app */ = {isa = PBXFileReference; explicitFileType = wrapper.application; includeInIndex = 0; path = InnerPeace.app; sourceTree = BUILT_PRODUCTS_DIR; };
		1101D2D3221094660049D0B4 /* AppDelegate.swift */ = {isa = PBXFileReference; lastKnownFileType = sourcecode.swift; path = AppDelegate.swift; sourceTree = "<group>"; };
		1101D2D5221094660049D0B4 /* ViewController.swift */ = {isa = PBXFileReference; lastKnownFileType = sourcecode.swift; path = ViewController.swift; sourceTree = "<group>"; };
		1101D2D8221094660049D0B4 /* Base */ = {isa = PBXFileReference; lastKnownFileType = file.storyboard; name = Base; path = Base.lproj/Main.storyboard; sourceTree = "<group>"; };
		1101D2DA221094680049D0B4 /* Assets.xcassets */ = {isa = PBXFileReference; lastKnownFileType = folder.assetcatalog; path = Assets.xcassets; sourceTree = "<group>"; };
		1101D2DD221094680049D0B4 /* Base */ = {isa = PBXFileReference; lastKnownFileType = file.storyboard; name = Base; path = Base.lproj/LaunchScreen.storyboard; sourceTree = "<group>"; };
		1101D2DF221094680049D0B4 /* Info.plist */ = {isa = PBXFileReference; lastKnownFileType = text.plist.xml; path = Info.plist; sourceTree = "<group>"; };
		1101D2E4221094680049D0B4 /* InnerPeaceTests.xctest */ = {isa = PBXFileReference; explicitFileType = wrapper.cfbundle; includeInIndex = 0; path = InnerPeaceTests.xctest; sourceTree = BUILT_PRODUCTS_DIR; };
		1101D2E8221094680049D0B4 /* InnerPeaceTests.swift */ = {isa = PBXFileReference; lastKnownFileType = sourcecode.swift; path = InnerPeaceTests.swift; sourceTree = "<group>"; };
		1101D2EA221094680049D0B4 /* Info.plist */ = {isa = PBXFileReference; lastKnownFileType = text.plist.xml; path = Info.plist; sourceTree = "<group>"; };
		1101D2EF221094680049D0B4 /* InnerPeaceUITests.xctest */ = {isa = PBXFileReference; explicitFileType = wrapper.cfbundle; includeInIndex = 0; path = InnerPeaceUITests.xctest; sourceTree = BUILT_PRODUCTS_DIR; };
		1101D2F3221094680049D0B4 /* InnerPeaceUITests.swift */ = {isa = PBXFileReference; lastKnownFileType = sourcecode.swift; path = InnerPeaceUITests.swift; sourceTree = "<group>"; };
		1101D2F5221094680049D0B4 /* Info.plist */ = {isa = PBXFileReference; lastKnownFileType = text.plist.xml; path = Info.plist; sourceTree = "<group>"; };
		110B26DF221AC6CC009070B3 /* quotes.json */ = {isa = PBXFileReference; fileEncoding = 4; lastKnownFileType = text.json; path = quotes.json; sourceTree = "<group>"; };
		110B26E4221AC6CD009070B3 /* pictures.json */ = {isa = PBXFileReference; fileEncoding = 4; lastKnownFileType = text.json; path = pictures.json; sourceTree = "<group>"; };
		110B26F8221AC7AE009070B3 /* Bundle-Decoding.swift */ = {isa = PBXFileReference; lastKnownFileType = sourcecode.swift; path = "Bundle-Decoding.swift"; sourceTree = "<group>"; };
		110B26FA221AC9D0009070B3 /* Quote.swift */ = {isa = PBXFileReference; lastKnownFileType = sourcecode.swift; path = Quote.swift; sourceTree = "<group>"; };
/* End PBXFileReference section */

/* Begin PBXFrameworksBuildPhase section */
		1101D2CD221094660049D0B4 /* Frameworks */ = {
			isa = PBXFrameworksBuildPhase;
			buildActionMask = 2147483647;
			files = (
			);
			runOnlyForDeploymentPostprocessing = 0;
		};
		1101D2E1221094680049D0B4 /* Frameworks */ = {
			isa = PBXFrameworksBuildPhase;
			buildActionMask = 2147483647;
			files = (
			);
			runOnlyForDeploymentPostprocessing = 0;
		};
		1101D2EC221094680049D0B4 /* Frameworks */ = {
			isa = PBXFrameworksBuildPhase;
			buildActionMask = 2147483647;
			files = (
			);
			runOnlyForDeploymentPostprocessing = 0;
		};
/* End PBXFrameworksBuildPhase section */

/* Begin PBXGroup section */
		1101D2C7221094660049D0B4 = {
			isa = PBXGroup;
			children = (
				1101D2D2221094660049D0B4 /* InnerPeace */,
				1101D304221094880049D0B4 /* Resources */,
				1101D3052210948C0049D0B4 /* Supporting Files */,
				1101D2E7221094680049D0B4 /* InnerPeaceTests */,
				1101D2F2221094680049D0B4 /* InnerPeaceUITests */,
				1101D2D1221094660049D0B4 /* Products */,
			);
			sourceTree = "<group>";
		};
		1101D2D1221094660049D0B4 /* Products */ = {
			isa = PBXGroup;
			children = (
				1101D2D0221094660049D0B4 /* InnerPeace.app */,
				1101D2E4221094680049D0B4 /* InnerPeaceTests.xctest */,
				1101D2EF221094680049D0B4 /* InnerPeaceUITests.xctest */,
			);
			name = Products;
			sourceTree = "<group>";
		};
		1101D2D2221094660049D0B4 /* InnerPeace */ = {
			isa = PBXGroup;
			children = (
				1101D2D3221094660049D0B4 /* AppDelegate.swift */,
				110B26F7221AC79C009070B3 /* Models */,
				1101D301221094720049D0B4 /* Views */,
				1101D302221094780049D0B4 /* Controllers */,
			);
			path = InnerPeace;
			sourceTree = "<group>";
		};
		1101D2E7221094680049D0B4 /* InnerPeaceTests */ = {
			isa = PBXGroup;
			children = (
				1101D2E8221094680049D0B4 /* InnerPeaceTests.swift */,
				1101D2EA221094680049D0B4 /* Info.plist */,
			);
			path = InnerPeaceTests;
			sourceTree = "<group>";
		};
		1101D2F2221094680049D0B4 /* InnerPeaceUITests */ = {
			isa = PBXGroup;
			children = (
				1101D2F3221094680049D0B4 /* InnerPeaceUITests.swift */,
				1101D2F5221094680049D0B4 /* Info.plist */,
			);
			path = InnerPeaceUITests;
			sourceTree = "<group>";
		};
		1101D301221094720049D0B4 /* Views */ = {
			isa = PBXGroup;
			children = (
				1101D2D7221094660049D0B4 /* Main.storyboard */,
				1101D2DC221094680049D0B4 /* LaunchScreen.storyboard */,
			);
			path = Views;
			sourceTree = "<group>";
		};
		1101D302221094780049D0B4 /* Controllers */ = {
			isa = PBXGroup;
			children = (
				1101D2D5221094660049D0B4 /* ViewController.swift */,
			);
			path = Controllers;
			sourceTree = "<group>";
		};
		1101D304221094880049D0B4 /* Resources */ = {
			isa = PBXGroup;
			children = (
				1101D2DA221094680049D0B4 /* Assets.xcassets */,
			);
			name = Resources;
			path = InnerPeace;
			sourceTree = "<group>";
		};
		1101D3052210948C0049D0B4 /* Supporting Files */ = {
			isa = PBXGroup;
			children = (
				110B26E4221AC6CD009070B3 /* pictures.json */,
				110B26DF221AC6CC009070B3 /* quotes.json */,
				1101D2DF221094680049D0B4 /* Info.plist */,
			);
			name = "Supporting Files";
			path = InnerPeace;
			sourceTree = "<group>";
		};
		110B26F7221AC79C009070B3 /* Models */ = {
			isa = PBXGroup;
			children = (
				110B26F8221AC7AE009070B3 /* Bundle-Decoding.swift */,
				110B26FA221AC9D0009070B3 /* Quote.swift */,
			);
			path = Models;
			sourceTree = "<group>";
		};
/* End PBXGroup section */

/* Begin PBXNativeTarget section */
		1101D2CF221094660049D0B4 /* InnerPeace */ = {
			isa = PBXNativeTarget;
			buildConfigurationList = 1101D2F8221094680049D0B4 /* Build configuration list for PBXNativeTarget "InnerPeace" */;
			buildPhases = (
				1101D2CC221094660049D0B4 /* Sources */,
				1101D2CD221094660049D0B4 /* Frameworks */,
				1101D2CE221094660049D0B4 /* Resources */,
			);
			buildRules = (
			);
			dependencies = (
			);
			name = InnerPeace;
			productName = InnerPeace;
			productReference = 1101D2D0221094660049D0B4 /* InnerPeace.app */;
			productType = "com.apple.product-type.application";
		};
		1101D2E3221094680049D0B4 /* InnerPeaceTests */ = {
			isa = PBXNativeTarget;
			buildConfigurationList = 1101D2FB221094680049D0B4 /* Build configuration list for PBXNativeTarget "InnerPeaceTests" */;
			buildPhases = (
				1101D2E0221094680049D0B4 /* Sources */,
				1101D2E1221094680049D0B4 /* Frameworks */,
				1101D2E2221094680049D0B4 /* Resources */,
			);
			buildRules = (
			);
			dependencies = (
				1101D2E6221094680049D0B4 /* PBXTargetDependency */,
			);
			name = InnerPeaceTests;
			productName = InnerPeaceTests;
			productReference = 1101D2E4221094680049D0B4 /* InnerPeaceTests.xctest */;
			productType = "com.apple.product-type.bundle.unit-test";
		};
		1101D2EE221094680049D0B4 /* InnerPeaceUITests */ = {
			isa = PBXNativeTarget;
			buildConfigurationList = 1101D2FE221094680049D0B4 /* Build configuration list for PBXNativeTarget "InnerPeaceUITests" */;
			buildPhases = (
				1101D2EB221094680049D0B4 /* Sources */,
				1101D2EC221094680049D0B4 /* Frameworks */,
				1101D2ED221094680049D0B4 /* Resources */,
			);
			buildRules = (
			);
			dependencies = (
				1101D2F1221094680049D0B4 /* PBXTargetDependency */,
			);
			name = InnerPeaceUITests;
			productName = InnerPeaceUITests;
			productReference = 1101D2EF221094680049D0B4 /* InnerPeaceUITests.xctest */;
			productType = "com.apple.product-type.bundle.ui-testing";
		};
/* End PBXNativeTarget section */

/* Begin PBXProject section */
		1101D2C8221094660049D0B4 /* Project object */ = {
			isa = PBXProject;
			attributes = {
				LastSwiftUpdateCheck = 1010;
				LastUpgradeCheck = 1010;
				ORGANIZATIONNAME = "Neil Hiddink";
				TargetAttributes = {
					1101D2CF221094660049D0B4 = {
						CreatedOnToolsVersion = 10.1;
					};
					1101D2E3221094680049D0B4 = {
						CreatedOnToolsVersion = 10.1;
						TestTargetID = 1101D2CF221094660049D0B4;
					};
					1101D2EE221094680049D0B4 = {
						CreatedOnToolsVersion = 10.1;
						TestTargetID = 1101D2CF221094660049D0B4;
					};
				};
			};
			buildConfigurationList = 1101D2CB221094660049D0B4 /* Build configuration list for PBXProject "InnerPeace" */;
			compatibilityVersion = "Xcode 9.3";
			developmentRegion = en;
			hasScannedForEncodings = 0;
			knownRegions = (
				en,
				Base,
			);
			mainGroup = 1101D2C7221094660049D0B4;
			productRefGroup = 1101D2D1221094660049D0B4 /* Products */;
			projectDirPath = "";
			projectRoot = "";
			targets = (
				1101D2CF221094660049D0B4 /* InnerPeace */,
				1101D2E3221094680049D0B4 /* InnerPeaceTests */,
				1101D2EE221094680049D0B4 /* InnerPeaceUITests */,
			);
		};
/* End PBXProject section */

/* Begin PBXResourcesBuildPhase section */
		1101D2CE221094660049D0B4 /* Resources */ = {
			isa = PBXResourcesBuildPhase;
			buildActionMask = 2147483647;
			files = (
				110B26EE221AC6CE009070B3 /* pictures.json in Resources */,
				1101D2DE221094680049D0B4 /* LaunchScreen.storyboard in Resources */,
				110B26E9221AC6CE009070B3 /* quotes.json in Resources */,
				1101D2DB221094680049D0B4 /* Assets.xcassets in Resources */,
				1101D2D9221094660049D0B4 /* Main.storyboard in Resources */,
			);
			runOnlyForDeploymentPostprocessing = 0;
		};
		1101D2E2221094680049D0B4 /* Resources */ = {
			isa = PBXResourcesBuildPhase;
			buildActionMask = 2147483647;
			files = (
			);
			runOnlyForDeploymentPostprocessing = 0;
		};
		1101D2ED221094680049D0B4 /* Resources */ = {
			isa = PBXResourcesBuildPhase;
			buildActionMask = 2147483647;
			files = (
			);
			runOnlyForDeploymentPostprocessing = 0;
		};
/* End PBXResourcesBuildPhase section */

/* Begin PBXSourcesBuildPhase section */
		1101D2CC221094660049D0B4 /* Sources */ = {
			isa = PBXSourcesBuildPhase;
			buildActionMask = 2147483647;
			files = (
				110B26FB221AC9D0009070B3 /* Quote.swift in Sources */,
				110B26F9221AC7AE009070B3 /* Bundle-Decoding.swift in Sources */,
				1101D2D6221094660049D0B4 /* ViewController.swift in Sources */,
				1101D2D4221094660049D0B4 /* AppDelegate.swift in Sources */,
			);
			runOnlyForDeploymentPostprocessing = 0;
		};
		1101D2E0221094680049D0B4 /* Sources */ = {
			isa = PBXSourcesBuildPhase;
			buildActionMask = 2147483647;
			files = (
				1101D2E9221094680049D0B4 /* InnerPeaceTests.swift in Sources */,
			);
			runOnlyForDeploymentPostprocessing = 0;
		};
		1101D2EB221094680049D0B4 /* Sources */ = {
			isa = PBXSourcesBuildPhase;
			buildActionMask = 2147483647;
			files = (
				1101D2F4221094680049D0B4 /* InnerPeaceUITests.swift in Sources */,
			);
			runOnlyForDeploymentPostprocessing = 0;
		};
/* End PBXSourcesBuildPhase section */

/* Begin PBXTargetDependency section */
		1101D2E6221094680049D0B4 /* PBXTargetDependency */ = {
			isa = PBXTargetDependency;
			target = 1101D2CF221094660049D0B4 /* InnerPeace */;
			targetProxy = 1101D2E5221094680049D0B4 /* PBXContainerItemProxy */;
		};
		1101D2F1221094680049D0B4 /* PBXTargetDependency */ = {
			isa = PBXTargetDependency;
			target = 1101D2CF221094660049D0B4 /* InnerPeace */;
			targetProxy = 1101D2F0221094680049D0B4 /* PBXContainerItemProxy */;
		};
/* End PBXTargetDependency section */

/* Begin PBXVariantGroup section */
		1101D2D7221094660049D0B4 /* Main.storyboard */ = {
			isa = PBXVariantGroup;
			children = (
				1101D2D8221094660049D0B4 /* Base */,
			);
			name = Main.storyboard;
			sourceTree = "<group>";
		};
		1101D2DC221094680049D0B4 /* LaunchScreen.storyboard */ = {
			isa = PBXVariantGroup;
			children = (
				1101D2DD221094680049D0B4 /* Base */,
			);
			name = LaunchScreen.storyboard;
			sourceTree = "<group>";
		};
/* End PBXVariantGroup section */

/* Begin XCBuildConfiguration section */
		1101D2F6221094680049D0B4 /* Debug */ = {
			isa = XCBuildConfiguration;
			buildSettings = {
				ALWAYS_SEARCH_USER_PATHS = NO;
				CLANG_ANALYZER_NONNULL = YES;
				CLANG_ANALYZER_NUMBER_OBJECT_CONVERSION = YES_AGGRESSIVE;
				CLANG_CXX_LANGUAGE_STANDARD = "gnu++14";
				CLANG_CXX_LIBRARY = "libc++";
				CLANG_ENABLE_MODULES = YES;
				CLANG_ENABLE_OBJC_ARC = YES;
				CLANG_ENABLE_OBJC_WEAK = YES;
				CLANG_WARN_BLOCK_CAPTURE_AUTORELEASING = YES;
				CLANG_WARN_BOOL_CONVERSION = YES;
				CLANG_WARN_COMMA = YES;
				CLANG_WARN_CONSTANT_CONVERSION = YES;
				CLANG_WARN_DEPRECATED_OBJC_IMPLEMENTATIONS = YES;
				CLANG_WARN_DIRECT_OBJC_ISA_USAGE = YES_ERROR;
				CLANG_WARN_DOCUMENTATION_COMMENTS = YES;
				CLANG_WARN_EMPTY_BODY = YES;
				CLANG_WARN_ENUM_CONVERSION = YES;
				CLANG_WARN_INFINITE_RECURSION = YES;
				CLANG_WARN_INT_CONVERSION = YES;
				CLANG_WARN_NON_LITERAL_NULL_CONVERSION = YES;
				CLANG_WARN_OBJC_IMPLICIT_RETAIN_SELF = YES;
				CLANG_WARN_OBJC_LITERAL_CONVERSION = YES;
				CLANG_WARN_OBJC_ROOT_CLASS = YES_ERROR;
				CLANG_WARN_RANGE_LOOP_ANALYSIS = YES;
				CLANG_WARN_STRICT_PROTOTYPES = YES;
				CLANG_WARN_SUSPICIOUS_MOVE = YES;
				CLANG_WARN_UNGUARDED_AVAILABILITY = YES_AGGRESSIVE;
				CLANG_WARN_UNREACHABLE_CODE = YES;
				CLANG_WARN__DUPLICATE_METHOD_MATCH = YES;
				CODE_SIGN_IDENTITY = "iPhone Developer";
				COPY_PHASE_STRIP = NO;
				DEBUG_INFORMATION_FORMAT = dwarf;
				ENABLE_STRICT_OBJC_MSGSEND = YES;
				ENABLE_TESTABILITY = YES;
				GCC_C_LANGUAGE_STANDARD = gnu11;
				GCC_DYNAMIC_NO_PIC = NO;
				GCC_NO_COMMON_BLOCKS = YES;
				GCC_OPTIMIZATION_LEVEL = 0;
				GCC_PREPROCESSOR_DEFINITIONS = (
					"DEBUG=1",
					"$(inherited)",
				);
				GCC_WARN_64_TO_32_BIT_CONVERSION = YES;
				GCC_WARN_ABOUT_RETURN_TYPE = YES_ERROR;
				GCC_WARN_UNDECLARED_SELECTOR = YES;
				GCC_WARN_UNINITIALIZED_AUTOS = YES_AGGRESSIVE;
				GCC_WARN_UNUSED_FUNCTION = YES;
				GCC_WARN_UNUSED_VARIABLE = YES;
				IPHONEOS_DEPLOYMENT_TARGET = 12.1;
				MTL_ENABLE_DEBUG_INFO = INCLUDE_SOURCE;
				MTL_FAST_MATH = YES;
				ONLY_ACTIVE_ARCH = YES;
				SDKROOT = iphoneos;
				SWIFT_ACTIVE_COMPILATION_CONDITIONS = DEBUG;
				SWIFT_OPTIMIZATION_LEVEL = "-Onone";
			};
			name = Debug;
		};
		1101D2F7221094680049D0B4 /* Release */ = {
			isa = XCBuildConfiguration;
			buildSettings = {
				ALWAYS_SEARCH_USER_PATHS = NO;
				CLANG_ANALYZER_NONNULL = YES;
				CLANG_ANALYZER_NUMBER_OBJECT_CONVERSION = YES_AGGRESSIVE;
				CLANG_CXX_LANGUAGE_STANDARD = "gnu++14";
				CLANG_CXX_LIBRARY = "libc++";
				CLANG_ENABLE_MODULES = YES;
				CLANG_ENABLE_OBJC_ARC = YES;
				CLANG_ENABLE_OBJC_WEAK = YES;
				CLANG_WARN_BLOCK_CAPTURE_AUTORELEASING = YES;
				CLANG_WARN_BOOL_CONVERSION = YES;
				CLANG_WARN_COMMA = YES;
				CLANG_WARN_CONSTANT_CONVERSION = YES;
				CLANG_WARN_DEPRECATED_OBJC_IMPLEMENTATIONS = YES;
				CLANG_WARN_DIRECT_OBJC_ISA_USAGE = YES_ERROR;
				CLANG_WARN_DOCUMENTATION_COMMENTS = YES;
				CLANG_WARN_EMPTY_BODY = YES;
				CLANG_WARN_ENUM_CONVERSION = YES;
				CLANG_WARN_INFINITE_RECURSION = YES;
				CLANG_WARN_INT_CONVERSION = YES;
				CLANG_WARN_NON_LITERAL_NULL_CONVERSION = YES;
				CLANG_WARN_OBJC_IMPLICIT_RETAIN_SELF = YES;
				CLANG_WARN_OBJC_LITERAL_CONVERSION = YES;
				CLANG_WARN_OBJC_ROOT_CLASS = YES_ERROR;
				CLANG_WARN_RANGE_LOOP_ANALYSIS = YES;
				CLANG_WARN_STRICT_PROTOTYPES = YES;
				CLANG_WARN_SUSPICIOUS_MOVE = YES;
				CLANG_WARN_UNGUARDED_AVAILABILITY = YES_AGGRESSIVE;
				CLANG_WARN_UNREACHABLE_CODE = YES;
				CLANG_WARN__DUPLICATE_METHOD_MATCH = YES;
				CODE_SIGN_IDENTITY = "iPhone Developer";
				COPY_PHASE_STRIP = NO;
				DEBUG_INFORMATION_FORMAT = "dwarf-with-dsym";
				ENABLE_NS_ASSERTIONS = NO;
				ENABLE_STRICT_OBJC_MSGSEND = YES;
				GCC_C_LANGUAGE_STANDARD = gnu11;
				GCC_NO_COMMON_BLOCKS = YES;
				GCC_WARN_64_TO_32_BIT_CONVERSION = YES;
				GCC_WARN_ABOUT_RETURN_TYPE = YES_ERROR;
				GCC_WARN_UNDECLARED_SELECTOR = YES;
				GCC_WARN_UNINITIALIZED_AUTOS = YES_AGGRESSIVE;
				GCC_WARN_UNUSED_FUNCTION = YES;
				GCC_WARN_UNUSED_VARIABLE = YES;
				IPHONEOS_DEPLOYMENT_TARGET = 12.1;
				MTL_ENABLE_DEBUG_INFO = NO;
				MTL_FAST_MATH = YES;
				SDKROOT = iphoneos;
				SWIFT_COMPILATION_MODE = wholemodule;
				SWIFT_OPTIMIZATION_LEVEL = "-O";
				VALIDATE_PRODUCT = YES;
			};
			name = Release;
		};
		1101D2F9221094680049D0B4 /* Debug */ = {
			isa = XCBuildConfiguration;
			buildSettings = {
				ASSETCATALOG_COMPILER_APPICON_NAME = AppIcon;
				CODE_SIGN_STYLE = Automatic;
				DEVELOPMENT_TEAM = 7G4UHWJ29G;
				INFOPLIST_FILE = InnerPeace/Info.plist;
				LD_RUNPATH_SEARCH_PATHS = (
					"$(inherited)",
					"@executable_path/Frameworks",
				);
				PRODUCT_BUNDLE_IDENTIFIER = com.NeilHiddink.InnerPeace;
				PRODUCT_NAME = "$(TARGET_NAME)";
				SWIFT_VERSION = 4.2;
				TARGETED_DEVICE_FAMILY = "1,2";
			};
			name = Debug;
		};
		1101D2FA221094680049D0B4 /* Release */ = {
			isa = XCBuildConfiguration;
			buildSettings = {
				ASSETCATALOG_COMPILER_APPICON_NAME = AppIcon;
				CODE_SIGN_STYLE = Automatic;
				DEVELOPMENT_TEAM = 7G4UHWJ29G;
				INFOPLIST_FILE = InnerPeace/Info.plist;
				LD_RUNPATH_SEARCH_PATHS = (
					"$(inherited)",
					"@executable_path/Frameworks",
				);
				PRODUCT_BUNDLE_IDENTIFIER = com.NeilHiddink.InnerPeace;
				PRODUCT_NAME = "$(TARGET_NAME)";
				SWIFT_VERSION = 4.2;
				TARGETED_DEVICE_FAMILY = "1,2";
			};
			name = Release;
		};
		1101D2FC221094680049D0B4 /* Debug */ = {
			isa = XCBuildConfiguration;
			buildSettings = {
				ALWAYS_EMBED_SWIFT_STANDARD_LIBRARIES = YES;
				BUNDLE_LOADER = "$(TEST_HOST)";
				CODE_SIGN_STYLE = Automatic;
				DEVELOPMENT_TEAM = 7G4UHWJ29G;
				INFOPLIST_FILE = InnerPeaceTests/Info.plist;
				LD_RUNPATH_SEARCH_PATHS = (
					"$(inherited)",
					"@executable_path/Frameworks",
					"@loader_path/Frameworks",
				);
				PRODUCT_BUNDLE_IDENTIFIER = com.NeilHiddink.InnerPeaceTests;
				PRODUCT_NAME = "$(TARGET_NAME)";
				SWIFT_VERSION = 4.2;
				TARGETED_DEVICE_FAMILY = "1,2";
				TEST_HOST = "$(BUILT_PRODUCTS_DIR)/InnerPeace.app/InnerPeace";
			};
			name = Debug;
		};
		1101D2FD221094680049D0B4 /* Release */ = {
			isa = XCBuildConfiguration;
			buildSettings = {
				ALWAYS_EMBED_SWIFT_STANDARD_LIBRARIES = YES;
				BUNDLE_LOADER = "$(TEST_HOST)";
				CODE_SIGN_STYLE = Automatic;
				DEVELOPMENT_TEAM = 7G4UHWJ29G;
				INFOPLIST_FILE = InnerPeaceTests/Info.plist;
				LD_RUNPATH_SEARCH_PATHS = (
					"$(inherited)",
					"@executable_path/Frameworks",
					"@loader_path/Frameworks",
				);
				PRODUCT_BUNDLE_IDENTIFIER = com.NeilHiddink.InnerPeaceTests;
				PRODUCT_NAME = "$(TARGET_NAME)";
				SWIFT_VERSION = 4.2;
				TARGETED_DEVICE_FAMILY = "1,2";
				TEST_HOST = "$(BUILT_PRODUCTS_DIR)/InnerPeace.app/InnerPeace";
			};
			name = Release;
		};
		1101D2FF221094680049D0B4 /* Debug */ = {
			isa = XCBuildConfiguration;
			buildSettings = {
				ALWAYS_EMBED_SWIFT_STANDARD_LIBRARIES = YES;
				CODE_SIGN_STYLE = Automatic;
				DEVELOPMENT_TEAM = 7G4UHWJ29G;
				INFOPLIST_FILE = InnerPeaceUITests/Info.plist;
				LD_RUNPATH_SEARCH_PATHS = (
					"$(inherited)",
					"@executable_path/Frameworks",
					"@loader_path/Frameworks",
				);
				PRODUCT_BUNDLE_IDENTIFIER = com.NeilHiddink.InnerPeaceUITests;
				PRODUCT_NAME = "$(TARGET_NAME)";
				SWIFT_VERSION = 4.2;
				TARGETED_DEVICE_FAMILY = "1,2";
				TEST_TARGET_NAME = InnerPeace;
			};
			name = Debug;
		};
		1101D300221094680049D0B4 /* Release */ = {
			isa = XCBuildConfiguration;
			buildSettings = {
				ALWAYS_EMBED_SWIFT_STANDARD_LIBRARIES = YES;
				CODE_SIGN_STYLE = Automatic;
				DEVELOPMENT_TEAM = 7G4UHWJ29G;
				INFOPLIST_FILE = InnerPeaceUITests/Info.plist;
				LD_RUNPATH_SEARCH_PATHS = (
					"$(inherited)",
					"@executable_path/Frameworks",
					"@loader_path/Frameworks",
				);
				PRODUCT_BUNDLE_IDENTIFIER = com.NeilHiddink.InnerPeaceUITests;
				PRODUCT_NAME = "$(TARGET_NAME)";
				SWIFT_VERSION = 4.2;
				TARGETED_DEVICE_FAMILY = "1,2";
				TEST_TARGET_NAME = InnerPeace;
			};
			name = Release;
		};
/* End XCBuildConfiguration section */

/* Begin XCConfigurationList section */
		1101D2CB221094660049D0B4 /* Build configuration list for PBXProject "InnerPeace" */ = {
			isa = XCConfigurationList;
			buildConfigurations = (
				1101D2F6221094680049D0B4 /* Debug */,
				1101D2F7221094680049D0B4 /* Release */,
			);
			defaultConfigurationIsVisible = 0;
			defaultConfigurationName = Release;
		};
		1101D2F8221094680049D0B4 /* Build configuration list for PBXNativeTarget "InnerPeace" */ = {
			isa = XCConfigurationList;
			buildConfigurations = (
				1101D2F9221094680049D0B4 /* Debug */,
				1101D2FA221094680049D0B4 /* Release */,
			);
			defaultConfigurationIsVisible = 0;
			defaultConfigurationName = Release;
		};
		1101D2FB221094680049D0B4 /* Build configuration list for PBXNativeTarget "InnerPeaceTests" */ = {
			isa = XCConfigurationList;
			buildConfigurations = (
				1101D2FC221094680049D0B4 /* Debug */,
				1101D2FD221094680049D0B4 /* Release */,
			);
			defaultConfigurationIsVisible = 0;
			defaultConfigurationName = Release;
		};
		1101D2FE221094680049D0B4 /* Build configuration list for PBXNativeTarget "InnerPeaceUITests" */ = {
			isa = XCConfigurationList;
			buildConfigurations = (
				1101D2FF221094680049D0B4 /* Debug */,
				1101D300221094680049D0B4 /* Release */,
			);
			defaultConfigurationIsVisible = 0;
			defaultConfigurationName = Release;
		};
/* End XCConfigurationList section */
	};
	rootObject = 1101D2C8221094660049D0B4 /* Project object */;
}
